
Microsoft Visual Studio Solution File, Format Version 12.00
# Visual Studio 2012
Project("{8BC9CEB8-8B4A-11D0-8D11-00A0C91BC942}") = "Terrain sample size test", "Terrain sample size test\Terrain sample size test.vcxproj", "{FFC23363-D113-4165-A02F-05594CF2718C}"
EndProject
Global
	GlobalSection(SolutionConfigurationPlatforms) = preSolution
		Debug|Win32 = Debug|Win32
		Release|Win32 = Release|Win32
	EndGlobalSection
	GlobalSection(ProjectConfigurationPlatforms) = postSolution
		{FFC23363-D113-4165-A02F-05594CF2718C}.Debug|Win32.ActiveCfg = Debug|Win32
		{FFC23363-D113-4165-A02F-05594CF2718C}.Debug|Win32.Build.0 = Debug|Win32
		{FFC23363-D113-4165-A02F-05594CF2718C}.Release|Win32.ActiveCfg = Release|Win32
		{FFC23363-D113-4165-A02F-05594CF2718C}.Release|Win32.Build.0 = Release|Win32
	EndGlobalSection
	GlobalSection(SolutionProperties) = preSolution
		HideSolutionNode = FALSE
	EndGlobalSection
EndGlobal
